// !$*UTF8*$!
{
	archiveVersion = 1;
	classes = {
	};
	objectVersion = 46;
	objects = {

/* Begin PBXBuildFile section */
		517380EF16CE612E00775555 /* UIKit.framework in Frameworks */ = {isa = PBXBuildFile; fileRef = 517380EE16CE612E00775555 /* UIKit.framework */; };
		517380F116CE612E00775555 /* Foundation.framework in Frameworks */ = {isa = PBXBuildFile; fileRef = 517380F016CE612E00775555 /* Foundation.framework */; };
		517380F316CE612E00775555 /* CoreGraphics.framework in Frameworks */ = {isa = PBXBuildFile; fileRef = 517380F216CE612E00775555 /* CoreGraphics.framework */; };
		517380F916CE612E00775555 /* InfoPlist.strings in Resources */ = {isa = PBXBuildFile; fileRef = 517380F716CE612E00775555 /* InfoPlist.strings */; };
		517380FB16CE612E00775555 /* main.m in Sources */ = {isa = PBXBuildFile; fileRef = 517380FA16CE612E00775555 /* main.m */; };
		517380FF16CE612E00775555 /* AppDelegate.m in Sources */ = {isa = PBXBuildFile; fileRef = 517380FE16CE612E00775555 /* AppDelegate.m */; };
		5173810116CE612E00775555 /* Default.png in Resources */ = {isa = PBXBuildFile; fileRef = 5173810016CE612E00775555 /* Default.png */; };
		5173810316CE612E00775555 /* Default@2x.png in Resources */ = {isa = PBXBuildFile; fileRef = 5173810216CE612E00775555 /* Default@2x.png */; };
		5173810516CE612E00775555 /* Default-568h@2x.png in Resources */ = {isa = PBXBuildFile; fileRef = 5173810416CE612E00775555 /* Default-568h@2x.png */; };
		5173810816CE612E00775555 /* ViewController.m in Sources */ = {isa = PBXBuildFile; fileRef = 5173810716CE612E00775555 /* ViewController.m */; };
		5173810B16CE612E00775555 /* ViewController.xib in Resources */ = {isa = PBXBuildFile; fileRef = 5173810916CE612E00775555 /* ViewController.xib */; };
		5173811416CE6F8D00775555 /* SGShutterView.m in Sources */ = {isa = PBXBuildFile; fileRef = 5173811316CE6F8D00775555 /* SGShutterView.m */; };
		517C09B216DB6733005225FD /* SGTeethView.m in Sources */ = {isa = PBXBuildFile; fileRef = 517C09B116DB6733005225FD /* SGTeethView.m */; };
		517C09B416DB7040005225FD /* QuartzCore.framework in Frameworks */ = {isa = PBXBuildFile; fileRef = 517C09B316DB7040005225FD /* QuartzCore.framework */; };
		517C09B716DB9D01005225FD /* Common.m in Sources */ = {isa = PBXBuildFile; fileRef = 517C09B616DB9D01005225FD /* Common.m */; };
		51EBC90E16E1F7700008111E /* frameFull@2x.png in Resources */ = {isa = PBXBuildFile; fileRef = 51EBC90D16E1F7700008111E /* frameFull@2x.png */; };
		51EE201216D23D6C008956DF /* teeth@2x.png in Resources */ = {isa = PBXBuildFile; fileRef = 51EE201116D23D6C008956DF /* teeth@2x.png */; };
		51EE201516D25D06008956DF /* frame@2x.png in Resources */ = {isa = PBXBuildFile; fileRef = 51EE201416D25D06008956DF /* frame@2x.png */; };
/* End PBXBuildFile section */

/* Begin PBXFileReference section */
		517380EB16CE612E00775555 /* Shutter.app */ = {isa = PBXFileReference; explicitFileType = wrapper.application; includeInIndex = 0; path = Shutter.app; sourceTree = BUILT_PRODUCTS_DIR; };
		517380EE16CE612E00775555 /* UIKit.framework */ = {isa = PBXFileReference; lastKnownFileType = wrapper.framework; name = UIKit.framework; path = System/Library/Frameworks/UIKit.framework; sourceTree = SDKROOT; };
		517380F016CE612E00775555 /* Foundation.framework */ = {isa = PBXFileReference; lastKnownFileType = wrapper.framework; name = Foundation.framework; path = System/Library/Frameworks/Foundation.framework; sourceTree = SDKROOT; };
		517380F216CE612E00775555 /* CoreGraphics.framework */ = {isa = PBXFileReference; lastKnownFileType = wrapper.framework; name = CoreGraphics.framework; path = System/Library/Frameworks/CoreGraphics.framework; sourceTree = SDKROOT; };
		517380F616CE612E00775555 /* Shutter-Info.plist */ = {isa = PBXFileReference; lastKnownFileType = text.plist.xml; path = "Shutter-Info.plist"; sourceTree = "<group>"; };
		517380F816CE612E00775555 /* en */ = {isa = PBXFileReference; lastKnownFileType = text.plist.strings; name = en; path = en.lproj/InfoPlist.strings; sourceTree = "<group>"; };
		517380FA16CE612E00775555 /* main.m */ = {isa = PBXFileReference; lastKnownFileType = sourcecode.c.objc; path = main.m; sourceTree = "<group>"; };
		517380FC16CE612E00775555 /* Shutter-Prefix.pch */ = {isa = PBXFileReference; lastKnownFileType = sourcecode.c.h; path = "Shutter-Prefix.pch"; sourceTree = "<group>"; };
		517380FD16CE612E00775555 /* AppDelegate.h */ = {isa = PBXFileReference; lastKnownFileType = sourcecode.c.h; path = AppDelegate.h; sourceTree = "<group>"; };
		517380FE16CE612E00775555 /* AppDelegate.m */ = {isa = PBXFileReference; lastKnownFileType = sourcecode.c.objc; path = AppDelegate.m; sourceTree = "<group>"; };
		5173810016CE612E00775555 /* Default.png */ = {isa = PBXFileReference; lastKnownFileType = image.png; path = Default.png; sourceTree = "<group>"; };
		5173810216CE612E00775555 /* Default@2x.png */ = {isa = PBXFileReference; lastKnownFileType = image.png; path = "Default@2x.png"; sourceTree = "<group>"; };
		5173810416CE612E00775555 /* Default-568h@2x.png */ = {isa = PBXFileReference; lastKnownFileType = image.png; path = "Default-568h@2x.png"; sourceTree = "<group>"; };
		5173810616CE612E00775555 /* ViewController.h */ = {isa = PBXFileReference; lastKnownFileType = sourcecode.c.h; path = ViewController.h; sourceTree = "<group>"; };
		5173810716CE612E00775555 /* ViewController.m */ = {isa = PBXFileReference; lastKnownFileType = sourcecode.c.objc; path = ViewController.m; sourceTree = "<group>"; };
		5173810A16CE612E00775555 /* en */ = {isa = PBXFileReference; lastKnownFileType = file.xib; name = en; path = en.lproj/ViewController.xib; sourceTree = "<group>"; };
		5173811216CE6F8D00775555 /* SGShutterView.h */ = {isa = PBXFileReference; fileEncoding = 4; lastKnownFileType = sourcecode.c.h; path = SGShutterView.h; sourceTree = "<group>"; };
		5173811316CE6F8D00775555 /* SGShutterView.m */ = {isa = PBXFileReference; fileEncoding = 4; lastKnownFileType = sourcecode.c.objc; path = SGShutterView.m; sourceTree = "<group>"; };
		517C09B016DB6733005225FD /* SGTeethView.h */ = {isa = PBXFileReference; fileEncoding = 4; lastKnownFileType = sourcecode.c.h; path = SGTeethView.h; sourceTree = "<group>"; };
		517C09B116DB6733005225FD /* SGTeethView.m */ = {isa = PBXFileReference; fileEncoding = 4; lastKnownFileType = sourcecode.c.objc; path = SGTeethView.m; sourceTree = "<group>"; };
		517C09B316DB7040005225FD /* QuartzCore.framework */ = {isa = PBXFileReference; lastKnownFileType = wrapper.framework; name = QuartzCore.framework; path = System/Library/Frameworks/QuartzCore.framework; sourceTree = SDKROOT; };
		517C09B516DB9D01005225FD /* Common.h */ = {isa = PBXFileReference; fileEncoding = 4; lastKnownFileType = sourcecode.c.h; path = Common.h; sourceTree = "<group>"; };
		517C09B616DB9D01005225FD /* Common.m */ = {isa = PBXFileReference; fileEncoding = 4; lastKnownFileType = sourcecode.c.objc; path = Common.m; sourceTree = "<group>"; };
		51EBC90D16E1F7700008111E /* frameFull@2x.png */ = {isa = PBXFileReference; lastKnownFileType = image.png; path = "frameFull@2x.png"; sourceTree = "<group>"; };
		51EE201116D23D6C008956DF /* teeth@2x.png */ = {isa = PBXFileReference; lastKnownFileType = image.png; path = "teeth@2x.png"; sourceTree = "<group>"; };
		51EE201416D25D06008956DF /* frame@2x.png */ = {isa = PBXFileReference; lastKnownFileType = image.png; path = "frame@2x.png"; sourceTree = "<group>"; };
/* End PBXFileReference section */

/* Begin PBXFrameworksBuildPhase section */
		517380E816CE612E00775555 /* Frameworks */ = {
			isa = PBXFrameworksBuildPhase;
			buildActionMask = 2147483647;
			files = (
				517C09B416DB7040005225FD /* QuartzCore.framework in Frameworks */,
				517380EF16CE612E00775555 /* UIKit.framework in Frameworks */,
				517380F116CE612E00775555 /* Foundation.framework in Frameworks */,
				517380F316CE612E00775555 /* CoreGraphics.framework in Frameworks */,
			);
			runOnlyForDeploymentPostprocessing = 0;
		};
/* End PBXFrameworksBuildPhase section */

/* Begin PBXGroup section */
		517380E216CE612E00775555 = {
			isa = PBXGroup;
			children = (
				517C09B316DB7040005225FD /* QuartzCore.framework */,
				517380F416CE612E00775555 /* Shutter */,
				517380ED16CE612E00775555 /* Frameworks */,
				517380EC16CE612E00775555 /* Products */,
			);
			sourceTree = "<group>";
		};
		517380EC16CE612E00775555 /* Products */ = {
			isa = PBXGroup;
			children = (
				517380EB16CE612E00775555 /* Shutter.app */,
			);
			name = Products;
			sourceTree = "<group>";
		};
		517380ED16CE612E00775555 /* Frameworks */ = {
			isa = PBXGroup;
			children = (
				517380EE16CE612E00775555 /* UIKit.framework */,
				517380F016CE612E00775555 /* Foundation.framework */,
				517380F216CE612E00775555 /* CoreGraphics.framework */,
			);
			name = Frameworks;
			sourceTree = "<group>";
		};
		517380F416CE612E00775555 /* Shutter */ = {
			isa = PBXGroup;
			children = (
				517380FD16CE612E00775555 /* AppDelegate.h */,
				517380FE16CE612E00775555 /* AppDelegate.m */,
				5173810616CE612E00775555 /* ViewController.h */,
				5173810716CE612E00775555 /* ViewController.m */,
				5173810916CE612E00775555 /* ViewController.xib */,
				5173811116CE6F4400775555 /* SGShutterView */,
				517380F516CE612E00775555 /* Supporting Files */,
			);
			path = Shutter;
			sourceTree = "<group>";
		};
		517380F516CE612E00775555 /* Supporting Files */ = {
			isa = PBXGroup;
			children = (
				517380F616CE612E00775555 /* Shutter-Info.plist */,
				517380F716CE612E00775555 /* InfoPlist.strings */,
				517380FA16CE612E00775555 /* main.m */,
				517380FC16CE612E00775555 /* Shutter-Prefix.pch */,
				5173810016CE612E00775555 /* Default.png */,
				5173810216CE612E00775555 /* Default@2x.png */,
				5173810416CE612E00775555 /* Default-568h@2x.png */,
			);
			name = "Supporting Files";
			sourceTree = "<group>";
		};
		5173811116CE6F4400775555 /* SGShutterView */ = {
			isa = PBXGroup;
			children = (
				5173811216CE6F8D00775555 /* SGShutterView.h */,
				5173811316CE6F8D00775555 /* SGShutterView.m */,
				517C09B016DB6733005225FD /* SGTeethView.h */,
				517C09B116DB6733005225FD /* SGTeethView.m */,
				51EE201316D23D71008956DF /* images */,
				517C09B516DB9D01005225FD /* Common.h */,
				517C09B616DB9D01005225FD /* Common.m */,
			);
			name = SGShutterView;
			sourceTree = "<group>";
		};
		51EE201316D23D71008956DF /* images */ = {
			isa = PBXGroup;
			children = (
				51EBC90D16E1F7700008111E /* frameFull@2x.png */,
				51EE201416D25D06008956DF /* frame@2x.png */,
				51EE201116D23D6C008956DF /* teeth@2x.png */,
			);
			name = images;
			sourceTree = "<group>";
		};
/* End PBXGroup section */

/* Begin PBXNativeTarget section */
		517380EA16CE612E00775555 /* Shutter */ = {
			isa = PBXNativeTarget;
			buildConfigurationList = 5173810E16CE612E00775555 /* Build configuration list for PBXNativeTarget "Shutter" */;
			buildPhases = (
				517380E716CE612E00775555 /* Sources */,
				517380E816CE612E00775555 /* Frameworks */,
				517380E916CE612E00775555 /* Resources */,
			);
			buildRules = (
			);
			dependencies = (
			);
			name = Shutter;
			productName = Shutter;
			productReference = 517380EB16CE612E00775555 /* Shutter.app */;
			productType = "com.apple.product-type.application";
		};
/* End PBXNativeTarget section */

/* Begin PBXProject section */
		517380E316CE612E00775555 /* Project object */ = {
			isa = PBXProject;
			attributes = {
				LastUpgradeCheck = 0460;
				ORGANIZATIONNAME = "Shubham Goel";
			};
			buildConfigurationList = 517380E616CE612E00775555 /* Build configuration list for PBXProject "Shutter" */;
			compatibilityVersion = "Xcode 3.2";
			developmentRegion = English;
			hasScannedForEncodings = 0;
			knownRegions = (
				en,
			);
			mainGroup = 517380E216CE612E00775555;
			productRefGroup = 517380EC16CE612E00775555 /* Products */;
			projectDirPath = "";
			projectRoot = "";
			targets = (
				517380EA16CE612E00775555 /* Shutter */,
			);
		};
/* End PBXProject section */

/* Begin PBXResourcesBuildPhase section */
		517380E916CE612E00775555 /* Resources */ = {
			isa = PBXResourcesBuildPhase;
			buildActionMask = 2147483647;
			files = (
				517380F916CE612E00775555 /* InfoPlist.strings in Resources */,
				5173810116CE612E00775555 /* Default.png in Resources */,
				5173810316CE612E00775555 /* Default@2x.png in Resources */,
				5173810516CE612E00775555 /* Default-568h@2x.png in Resources */,
				5173810B16CE612E00775555 /* ViewController.xib in Resources */,
				51EE201216D23D6C008956DF /* teeth@2x.png in Resources */,
				51EE201516D25D06008956DF /* frame@2x.png in Resources */,
				51EBC90E16E1F7700008111E /* frameFull@2x.png in Resources */,
			);
			runOnlyForDeploymentPostprocessing = 0;
		};
/* End PBXResourcesBuildPhase section */

/* Begin PBXSourcesBuildPhase section */
		517380E716CE612E00775555 /* Sources */ = {
			isa = PBXSourcesBuildPhase;
			buildActionMask = 2147483647;
			files = (
				517380FB16CE612E00775555 /* main.m in Sources */,
				517380FF16CE612E00775555 /* AppDelegate.m in Sources */,
				5173810816CE612E00775555 /* ViewController.m in Sources */,
				5173811416CE6F8D00775555 /* SGShutterView.m in Sources */,
				517C09B216DB6733005225FD /* SGTeethView.m in Sources */,
				517C09B716DB9D01005225FD /* Common.m in Sources */,
			);
			runOnlyForDeploymentPostprocessing = 0;
		};
/* End PBXSourcesBuildPhase section */

/* Begin PBXVariantGroup section */
		517380F716CE612E00775555 /* InfoPlist.strings */ = {
			isa = PBXVariantGroup;
			children = (
				517380F816CE612E00775555 /* en */,
			);
			name = InfoPlist.strings;
			sourceTree = "<group>";
		};
		5173810916CE612E00775555 /* ViewController.xib */ = {
			isa = PBXVariantGroup;
			children = (
				5173810A16CE612E00775555 /* en */,
			);
			name = ViewController.xib;
			sourceTree = "<group>";
		};
/* End PBXVariantGroup section */

/* Begin XCBuildConfiguration section */
		5173810C16CE612E00775555 /* Debug */ = {
			isa = XCBuildConfiguration;
			buildSettings = {
				ALWAYS_SEARCH_USER_PATHS = NO;
				CLANG_CXX_LANGUAGE_STANDARD = "gnu++0x";
				CLANG_CXX_LIBRARY = "libc++";
				CLANG_ENABLE_OBJC_ARC = YES;
				CLANG_WARN_CONSTANT_CONVERSION = YES;
				CLANG_WARN_EMPTY_BODY = YES;
				CLANG_WARN_ENUM_CONVERSION = YES;
				CLANG_WARN_INT_CONVERSION = YES;
				CLANG_WARN__DUPLICATE_METHOD_MATCH = YES;
				"CODE_SIGN_IDENTITY[sdk=iphoneos*]" = "iPhone Developer";
				COPY_PHASE_STRIP = NO;
				GCC_C_LANGUAGE_STANDARD = gnu99;
				GCC_DYNAMIC_NO_PIC = NO;
				GCC_OPTIMIZATION_LEVEL = 0;
				GCC_PREPROCESSOR_DEFINITIONS = (
					"DEBUG=1",
					"$(inherited)",
				);
				GCC_SYMBOLS_PRIVATE_EXTERN = NO;
				GCC_WARN_ABOUT_RETURN_TYPE = YES;
				GCC_WARN_UNINITIALIZED_AUTOS = YES;
				GCC_WARN_UNUSED_VARIABLE = YES;
				IPHONEOS_DEPLOYMENT_TARGET = 6.1;
				ONLY_ACTIVE_ARCH = YES;
				SDKROOT = iphoneos;
			};
			name = Debug;
		};
		5173810D16CE612E00775555 /* Release */ = {
			isa = XCBuildConfiguration;
			buildSettings = {
				ALWAYS_SEARCH_USER_PATHS = NO;
				CLANG_CXX_LANGUAGE_STANDARD = "gnu++0x";
				CLANG_CXX_LIBRARY = "libc++";
				CLANG_ENABLE_OBJC_ARC = YES;
				CLANG_WARN_CONSTANT_CONVERSION = YES;
				CLANG_WARN_EMPTY_BODY = YES;
				CLANG_WARN_ENUM_CONVERSION = YES;
				CLANG_WARN_INT_CONVERSION = YES;
				CLANG_WARN__DUPLICATE_METHOD_MATCH = YES;
				"CODE_SIGN_IDENTITY[sdk=iphoneos*]" = "iPhone Developer";
				COPY_PHASE_STRIP = YES;
				GCC_C_LANGUAGE_STANDARD = gnu99;
				GCC_WARN_ABOUT_RETURN_TYPE = YES;
				GCC_WARN_UNINITIALIZED_AUTOS = YES;
				GCC_WARN_UNUSED_VARIABLE = YES;
				IPHONEOS_DEPLOYMENT_TARGET = 6.1;
				OTHER_CFLAGS = "-DNS_BLOCK_ASSERTIONS=1";
				SDKROOT = iphoneos;
				VALIDATE_PRODUCT = YES;
			};
			name = Release;
		};
		5173810F16CE612E00775555 /* Debug */ = {
			isa = XCBuildConfiguration;
			buildSettings = {
				GCC_PRECOMPILE_PREFIX_HEADER = YES;
				GCC_PREFIX_HEADER = "Shutter/Shutter-Prefix.pch";
				INFOPLIST_FILE = "Shutter/Shutter-Info.plist";
				PRODUCT_NAME = "$(TARGET_NAME)";
				WRAPPER_EXTENSION = app;
			};
			name = Debug;
		};
		5173811016CE612E00775555 /* Release */ = {
			isa = XCBuildConfiguration;
			buildSettings = {
				GCC_PRECOMPILE_PREFIX_HEADER = YES;
				GCC_PREFIX_HEADER = "Shutter/Shutter-Prefix.pch";
				INFOPLIST_FILE = "Shutter/Shutter-Info.plist";
				PRODUCT_NAME = "$(TARGET_NAME)";
				WRAPPER_EXTENSION = app;
			};
			name = Release;
		};
/* End XCBuildConfiguration section */

/* Begin XCConfigurationList section */
		517380E616CE612E00775555 /* Build configuration list for PBXProject "Shutter" */ = {
			isa = XCConfigurationList;
			buildConfigurations = (
				5173810C16CE612E00775555 /* Debug */,
				5173810D16CE612E00775555 /* Release */,
			);
			defaultConfigurationIsVisible = 0;
			defaultConfigurationName = Release;
		};
		5173810E16CE612E00775555 /* Build configuration list for PBXNativeTarget "Shutter" */ = {
			isa = XCConfigurationList;
			buildConfigurations = (
				5173810F16CE612E00775555 /* Debug */,
				5173811016CE612E00775555 /* Release */,
			);
			defaultConfigurationIsVisible = 0;
			defaultConfigurationName = Release;
		};
/* End XCConfigurationList section */
	};
	rootObject = 517380E316CE612E00775555 /* Project object */;
}
